
Microsoft Visual Studio Solution File, Format Version 12.00
# Visual Studio Version 16
VisualStudioVersion = 16.0.30011.22
MinimumVisualStudioVersion = 10.0.40219.1
Project("{FAE04EC0-301F-11D3-BF4B-00C04F79EFBC}") = "DapperLesson", "DapperLesson\DapperLesson.csproj", "{A7835A40-B60C-4079-BB15-AF86CA0FE808}"
EndProject
Global
	GlobalSection(SolutionConfigurationPlatforms) = preSolution
		Debug|Any CPU = Debug|Any CPU
		Release|Any CPU = Release|Any CPU
	EndGlobalSection
	GlobalSection(ProjectConfigurationPlatforms) = postSolution
		{A7835A40-B60C-4079-BB15-AF86CA0FE808}.Debug|Any CPU.ActiveCfg = Debug|Any CPU
		{A7835A40-B60C-4079-BB15-AF86CA0FE808}.Debug|Any CPU.Build.0 = Debug|Any CPU
		{A7835A40-B60C-4079-BB15-AF86CA0FE808}.Release|Any CPU.ActiveCfg = Release|Any CPU
		{A7835A40-B60C-4079-BB15-AF86CA0FE808}.Release|Any CPU.Build.0 = Release|Any CPU
	EndGlobalSection
	GlobalSection(SolutionProperties) = preSolution
		HideSolutionNode = FALSE
	EndGlobalSection
	GlobalSection(ExtensibilityGlobals) = postSolution
		SolutionGuid = {053A76EF-D21C-4D05-867F-4E38D8612096}
	EndGlobalSection
EndGlobal
